
Microsoft Visual Studio Solution File, Format Version 12.00
# Visual Studio Version 17
VisualStudioVersion = 17.2.32602.215
MinimumVisualStudioVersion = 10.0.40219.1
Project("{FAE04EC0-301F-11D3-BF4B-00C04F79EFBC}") = "pipeline", "pipeline\pipeline.csproj", "{53FD0BCB-8485-4521-9DB8-43A673118CA5}"
EndProject
Global
	GlobalSection(SolutionConfigurationPlatforms) = preSolution
		Debug|Any CPU = Debug|Any CPU
		Release|Any CPU = Release|Any CPU
	EndGlobalSection
	GlobalSection(ProjectConfigurationPlatforms) = postSolution
		{53FD0BCB-8485-4521-9DB8-43A673118CA5}.Debug|Any CPU.ActiveCfg = Debug|Any CPU
		{53FD0BCB-8485-4521-9DB8-43A673118CA5}.Debug|Any CPU.Build.0 = Debug|Any CPU
		{53FD0BCB-8485-4521-9DB8-43A673118CA5}.Release|Any CPU.ActiveCfg = Release|Any CPU
		{53FD0BCB-8485-4521-9DB8-43A673118CA5}.Release|Any CPU.Build.0 = Release|Any CPU
	EndGlobalSection
	GlobalSection(SolutionProperties) = preSolution
		HideSolutionNode = FALSE
	EndGlobalSection
	GlobalSection(ExtensibilityGlobals) = postSolution
		SolutionGuid = {E4AF5522-4125-46B4-BC7C-47A52DA6ADD5}
	EndGlobalSection
EndGlobal
